dependencies:
- name: kube-prometheus-stack
  repository: https://prometheus-community.github.io/helm-charts
  version: 79.8.2
- name: prometheus-blackbox-exporter
  repository: https://prometheus-community.github.io/helm-charts
  version: 11.5.0
digest: sha256:196af1adba4ea7ccdb7dc1bca0e036cadd3183001f8eecb7e696a7f2ee882227
generated: "2025-11-27T10:49:23.644126+01:00"
