dependencies:
- name: gatekeeper
  repository: https://gogatekeeper.github.io/helm-gogatekeeper
  version: 0.1.54
- name: common
  repository: https://charts.iits.tech
  version: 0.0.1
digest: sha256:c4cdd31c2579a0f71e91415f059acd000f74de793f6567e6ebd50adce79adf14
generated: "2026-04-22T11:44:29.807588383+02:00"
