dependencies:
- name: gatekeeper
  repository: https://gogatekeeper.github.io/helm-gogatekeeper
  version: 0.1.66
- name: common
  repository: https://charts.iits.tech
  version: 0.0.1
digest: sha256:e9457c99286011e0f8ab66a8ebf209e51b4fa2d4c0fab76d5893e645e2d9b235
generated: "2026-09-24T15:13:51.961694+02:00"
