dependencies:
- name: elastalert2
  repository: https://jertel.github.io/elastalert2/
  version: 2.24.0
- name: common
  repository: https://charts.iits.tech
  version: 0.3.1
digest: sha256:016107250906721e8c5b688601658f55881e3282466d830432ee87e1d26dfd33
generated: "2026-05-12T11:43:18.259487+02:00"
