dependencies:
- name: weaviate
  repository: https://weaviate.github.io/weaviate-helm
  version: 16.8.1
- name: airbyte
  repository: https://airbytehq.github.io/helm-charts
  version: 0.53.272
- name: ollama
  repository: https://charts.iits.tech
  version: 0.7.4
digest: sha256:fc640e91e918b0b35476b95b69a6d1433c0c985ce07a6f43f1453590a042bb2a
generated: "2024-02-27T20:27:15.164846+01:00"
