dependencies:
- name: weaviate
  repository: https://weaviate.github.io/weaviate-helm
  version: 16.8.1
- name: airbyte
  repository: https://airbytehq.github.io/helm-charts
  version: 0.53.272
- name: ollama
  repository: https://charts.iits.tech
  version: 0.7.2
digest: sha256:27f7f1f267867a7b51c0dc7be7c15ee038205e72c8153757c951a04e1ee21f0b
generated: "2024-02-22T15:55:15.453172+01:00"
