dependencies:
- name: elasticsearch
  repository: https://helm.elastic.co
  version: 8.5.1
- name: kibana
  repository: https://helm.elastic.co
  version: 8.5.1
- name: filebeat
  repository: https://helm.elastic.co
  version: 8.5.1
digest: sha256:92d7441aa3d259f19fee75256e7e2fd82edcabfe7d707a305cce53cd225a12b1
generated: "2023-07-17T14:36:55.314532134+02:00"
