dependencies:
- name: elasticsearch
  repository: https://helm.elastic.co
  version: 7.17.3
- name: kibana
  repository: https://helm.elastic.co
  version: 7.17.3
- name: filebeat
  repository: https://helm.elastic.co
  version: 7.17.3
digest: sha256:dcfc1c24d855779e4141b03e3c595b421ac5d9aba81fb6cbdd364e635988d2a3
generated: "2023-05-30T19:44:47.893067588+02:00"
