dependencies:
- name: kyverno
  repository: https://kyverno.github.io/kyverno/
  version: 3.5.3
- name: kyverno-policies
  repository: https://kyverno.github.io/kyverno/
  version: 3.5.3
- name: policy-reporter
  repository: https://kyverno.github.io/policy-reporter
  version: 3.7.2
- name: common
  repository: https://charts.iits.tech
  version: 0.2.0
digest: sha256:c3d219b37ae76631ad393fb7a767958068e2f2ab79c82113f2d99a91a4cfffd7
generated: "2026-04-29T17:21:21.588617+02:00"
