dependencies:
- name: kyverno
  repository: https://kyverno.github.io/kyverno/
  version: 3.5.3
- name: kyverno-policies
  repository: https://kyverno.github.io/kyverno/
  version: 3.5.3
- name: policy-reporter
  repository: https://kyverno.github.io/policy-reporter
  version: 3.7.2
- name: common
  repository: https://charts.iits.tech
  version: 0.3.0
digest: sha256:dac2e66b0fc09e6bc0e5cd885c68f21f1be6354e228f37de09659930e0e5b8be
generated: "2026-05-04T14:38:33.538656+02:00"
