dependencies:
- name: cert-manager
  repository: https://charts.jetstack.io
  version: v1.17.4
- name: cert-manager-webhook-opentelekomcloud
  repository: https://akyriako.github.io/cert-manager-webhook-opentelekomcloud
  version: 0.2.0
digest: sha256:2c78fa83a07b4185c7bfb1151b726e1746a43b794508af152419fab30e11c06f
generated: "2026-03-19T12:50:08.619155+01:00"
